
Microsoft Visual Studio Solution File, Format Version 12.00
# Visual Studio Version 16
VisualStudioVersion = 16.0.30104.148
MinimumVisualStudioVersion = 10.0.40219.1
Project("{FAE04EC0-301F-11D3-BF4B-00C04F79EFBC}") = "Details1", "Details1\Details1.csproj", "{C1DDFF94-1B04-4A01-89C3-280FF7029656}"
EndProject
Global
	GlobalSection(SolutionConfigurationPlatforms) = preSolution
		Debug|Any CPU = Debug|Any CPU
		Release|Any CPU = Release|Any CPU
	EndGlobalSection
	GlobalSection(ProjectConfigurationPlatforms) = postSolution
		{C1DDFF94-1B04-4A01-89C3-280FF7029656}.Debug|Any CPU.ActiveCfg = Debug|Any CPU
		{C1DDFF94-1B04-4A01-89C3-280FF7029656}.Debug|Any CPU.Build.0 = Debug|Any CPU
		{C1DDFF94-1B04-4A01-89C3-280FF7029656}.Release|Any CPU.ActiveCfg = Release|Any CPU
		{C1DDFF94-1B04-4A01-89C3-280FF7029656}.Release|Any CPU.Build.0 = Release|Any CPU
	EndGlobalSection
	GlobalSection(SolutionProperties) = preSolution
		HideSolutionNode = FALSE
	EndGlobalSection
	GlobalSection(ExtensibilityGlobals) = postSolution
		SolutionGuid = {D31CACB6-54E9-4273-B469-3840EDA59066}
	EndGlobalSection
EndGlobal
